
Microsoft Visual Studio Solution File, Format Version 12.00
# Visual Studio Version 16
VisualStudioVersion = 16.0.28803.156
MinimumVisualStudioVersion = 10.0.40219.1
Project("{FAE04EC0-301F-11D3-BF4B-00C04F79EFBC}") = "Physics Formulas", "Physics Formulas\Physics Formulas.csproj", "{1691A6BA-A85B-4EC1-BC93-E3754A14611B}"
EndProject
Global
	GlobalSection(SolutionConfigurationPlatforms) = preSolution
		Debug|Any CPU = Debug|Any CPU
		Release|Any CPU = Release|Any CPU
	EndGlobalSection
	GlobalSection(ProjectConfigurationPlatforms) = postSolution
		{1691A6BA-A85B-4EC1-BC93-E3754A14611B}.Debug|Any CPU.ActiveCfg = Debug|Any CPU
		{1691A6BA-A85B-4EC1-BC93-E3754A14611B}.Debug|Any CPU.Build.0 = Debug|Any CPU
		{1691A6BA-A85B-4EC1-BC93-E3754A14611B}.Release|Any CPU.ActiveCfg = Release|Any CPU
		{1691A6BA-A85B-4EC1-BC93-E3754A14611B}.Release|Any CPU.Build.0 = Release|Any CPU
	EndGlobalSection
	GlobalSection(SolutionProperties) = preSolution
		HideSolutionNode = FALSE
	EndGlobalSection
	GlobalSection(ExtensibilityGlobals) = postSolution
		SolutionGuid = {779659CE-13E1-4261-B3BF-4ECC8A36D2AC}
	EndGlobalSection
EndGlobal
